
Microsoft Visual Studio Solution File, Format Version 12.00
# Visual Studio Version 16
VisualStudioVersion = 16.0.32228.343
MinimumVisualStudioVersion = 10.0.40219.1
Project("{FAE04EC0-301F-11D3-BF4B-00C04F79EFBC}") = "SportsStore.Domain", "SportsStore.Domain\SportsStore.Domain.csproj", "{C2569602-4D2C-4328-BA94-9E7424ECB4E2}"
EndProject
Project("{FAE04EC0-301F-11D3-BF4B-00C04F79EFBC}") = "SportsStore.WebUI", "SportsStore.WebUI\SportsStore.WebUI.csproj", "{FC93D7AC-C805-46F0-8F64-7B7E3E957621}"
EndProject
Project("{FAE04EC0-301F-11D3-BF4B-00C04F79EFBC}") = "SportsStore.UnitTests", "SportsStore.UnitTests\SportsStore.UnitTests.csproj", "{10278276-CD5A-4F8E-90A5-5A16369DB0BF}"
EndProject
Global
	GlobalSection(SolutionConfigurationPlatforms) = preSolution
		Debug|Any CPU = Debug|Any CPU
		Release|Any CPU = Release|Any CPU
	EndGlobalSection
	GlobalSection(ProjectConfigurationPlatforms) = postSolution
		{C2569602-4D2C-4328-BA94-9E7424ECB4E2}.Debug|Any CPU.ActiveCfg = Debug|Any CPU
		{C2569602-4D2C-4328-BA94-9E7424ECB4E2}.Debug|Any CPU.Build.0 = Debug|Any CPU
		{C2569602-4D2C-4328-BA94-9E7424ECB4E2}.Release|Any CPU.ActiveCfg = Release|Any CPU
		{C2569602-4D2C-4328-BA94-9E7424ECB4E2}.Release|Any CPU.Build.0 = Release|Any CPU
		{FC93D7AC-C805-46F0-8F64-7B7E3E957621}.Debug|Any CPU.ActiveCfg = Debug|Any CPU
		{FC93D7AC-C805-46F0-8F64-7B7E3E957621}.Debug|Any CPU.Build.0 = Debug|Any CPU
		{FC93D7AC-C805-46F0-8F64-7B7E3E957621}.Release|Any CPU.ActiveCfg = Release|Any CPU
		{FC93D7AC-C805-46F0-8F64-7B7E3E957621}.Release|Any CPU.Build.0 = Release|Any CPU
		{10278276-CD5A-4F8E-90A5-5A16369DB0BF}.Debug|Any CPU.ActiveCfg = Debug|Any CPU
		{10278276-CD5A-4F8E-90A5-5A16369DB0BF}.Debug|Any CPU.Build.0 = Debug|Any CPU
		{10278276-CD5A-4F8E-90A5-5A16369DB0BF}.Release|Any CPU.ActiveCfg = Release|Any CPU
		{10278276-CD5A-4F8E-90A5-5A16369DB0BF}.Release|Any CPU.Build.0 = Release|Any CPU
	EndGlobalSection
	GlobalSection(SolutionProperties) = preSolution
		HideSolutionNode = FALSE
	EndGlobalSection
	GlobalSection(ExtensibilityGlobals) = postSolution
		SolutionGuid = {1735E14F-9F9F-4A5B-A3F4-376A149F2761}
	EndGlobalSection
EndGlobal
