
Microsoft Visual Studio Solution File, Format Version 12.00
# Visual Studio Version 16
VisualStudioVersion = 16.0.32228.343
MinimumVisualStudioVersion = 10.0.40219.1
Project("{FAE04EC0-301F-11D3-BF4B-00C04F79EFBC}") = "RazorView_Loop_Conditional_Statement", "RazorView_Loop_Conditional_Statement\RazorView_Loop_Conditional_Statement.csproj", "{A248F5A6-314B-48D7-951C-0ABABC1FD9C6}"
EndProject
Global
	GlobalSection(SolutionConfigurationPlatforms) = preSolution
		Debug|Any CPU = Debug|Any CPU
		Release|Any CPU = Release|Any CPU
	EndGlobalSection
	GlobalSection(ProjectConfigurationPlatforms) = postSolution
		{A248F5A6-314B-48D7-951C-0ABABC1FD9C6}.Debug|Any CPU.ActiveCfg = Debug|Any CPU
		{A248F5A6-314B-48D7-951C-0ABABC1FD9C6}.Debug|Any CPU.Build.0 = Debug|Any CPU
		{A248F5A6-314B-48D7-951C-0ABABC1FD9C6}.Release|Any CPU.ActiveCfg = Release|Any CPU
		{A248F5A6-314B-48D7-951C-0ABABC1FD9C6}.Release|Any CPU.Build.0 = Release|Any CPU
	EndGlobalSection
	GlobalSection(SolutionProperties) = preSolution
		HideSolutionNode = FALSE
	EndGlobalSection
	GlobalSection(ExtensibilityGlobals) = postSolution
		SolutionGuid = {1788CF09-6902-43C7-8482-96C43BFE64C0}
	EndGlobalSection
EndGlobal
