
Microsoft Visual Studio Solution File, Format Version 12.00
# Visual Studio Version 16
VisualStudioVersion = 16.0.32228.343
MinimumVisualStudioVersion = 10.0.40219.1
Project("{FAE04EC0-301F-11D3-BF4B-00C04F79EFBC}") = "WebApplication1", "WebApplication1\WebApplication1.csproj", "{884F380F-9328-4EE5-A817-767C2FF0D4DF}"
EndProject
Global
	GlobalSection(SolutionConfigurationPlatforms) = preSolution
		Debug|Any CPU = Debug|Any CPU
		Release|Any CPU = Release|Any CPU
	EndGlobalSection
	GlobalSection(ProjectConfigurationPlatforms) = postSolution
		{884F380F-9328-4EE5-A817-767C2FF0D4DF}.Debug|Any CPU.ActiveCfg = Debug|Any CPU
		{884F380F-9328-4EE5-A817-767C2FF0D4DF}.Debug|Any CPU.Build.0 = Debug|Any CPU
		{884F380F-9328-4EE5-A817-767C2FF0D4DF}.Release|Any CPU.ActiveCfg = Release|Any CPU
		{884F380F-9328-4EE5-A817-767C2FF0D4DF}.Release|Any CPU.Build.0 = Release|Any CPU
	EndGlobalSection
	GlobalSection(SolutionProperties) = preSolution
		HideSolutionNode = FALSE
	EndGlobalSection
	GlobalSection(ExtensibilityGlobals) = postSolution
		SolutionGuid = {88AB9C6C-3184-4D6E-AFF0-0286CDF74294}
	EndGlobalSection
EndGlobal
