
Microsoft Visual Studio Solution File, Format Version 12.00
# Visual Studio Version 16
VisualStudioVersion = 16.0.32228.343
MinimumVisualStudioVersion = 10.0.40219.1
Project("{FAE04EC0-301F-11D3-BF4B-00C04F79EFBC}") = "MVC_CrudOperation1", "MVC_CrudOperation1.csproj", "{4E91F4BD-0AED-479E-BE52-DB162F912712}"
EndProject
Global
	GlobalSection(SolutionConfigurationPlatforms) = preSolution
		Debug|Any CPU = Debug|Any CPU
		Release|Any CPU = Release|Any CPU
	EndGlobalSection
	GlobalSection(ProjectConfigurationPlatforms) = postSolution
		{4E91F4BD-0AED-479E-BE52-DB162F912712}.Debug|Any CPU.ActiveCfg = Debug|Any CPU
		{4E91F4BD-0AED-479E-BE52-DB162F912712}.Debug|Any CPU.Build.0 = Debug|Any CPU
		{4E91F4BD-0AED-479E-BE52-DB162F912712}.Release|Any CPU.ActiveCfg = Release|Any CPU
		{4E91F4BD-0AED-479E-BE52-DB162F912712}.Release|Any CPU.Build.0 = Release|Any CPU
	EndGlobalSection
	GlobalSection(SolutionProperties) = preSolution
		HideSolutionNode = FALSE
	EndGlobalSection
	GlobalSection(ExtensibilityGlobals) = postSolution
		SolutionGuid = {6EEC64F8-A289-4EDA-8DAA-6D67E1A3872A}
	EndGlobalSection
EndGlobal
