
Microsoft Visual Studio Solution File, Format Version 12.00
# Visual Studio Version 16
VisualStudioVersion = 16.0.32228.343
MinimumVisualStudioVersion = 10.0.40219.1
Project("{FAE04EC0-301F-11D3-BF4B-00C04F79EFBC}") = "ModelsInMVCPractice", "ModelsInMVCPractice\ModelsInMVCPractice.csproj", "{16EAE3F1-7A8B-4623-87A4-00120542BC7E}"
EndProject
Global
	GlobalSection(SolutionConfigurationPlatforms) = preSolution
		Debug|Any CPU = Debug|Any CPU
		Release|Any CPU = Release|Any CPU
	EndGlobalSection
	GlobalSection(ProjectConfigurationPlatforms) = postSolution
		{16EAE3F1-7A8B-4623-87A4-00120542BC7E}.Debug|Any CPU.ActiveCfg = Debug|Any CPU
		{16EAE3F1-7A8B-4623-87A4-00120542BC7E}.Debug|Any CPU.Build.0 = Debug|Any CPU
		{16EAE3F1-7A8B-4623-87A4-00120542BC7E}.Release|Any CPU.ActiveCfg = Release|Any CPU
		{16EAE3F1-7A8B-4623-87A4-00120542BC7E}.Release|Any CPU.Build.0 = Release|Any CPU
	EndGlobalSection
	GlobalSection(SolutionProperties) = preSolution
		HideSolutionNode = FALSE
	EndGlobalSection
	GlobalSection(ExtensibilityGlobals) = postSolution
		SolutionGuid = {9C4B87B0-26B7-4850-8C53-F52448934CF0}
	EndGlobalSection
EndGlobal
