
Microsoft Visual Studio Solution File, Format Version 12.00
# Visual Studio Version 16
VisualStudioVersion = 16.0.32228.343
MinimumVisualStudioVersion = 10.0.40219.1
Project("{FAE04EC0-301F-11D3-BF4B-00C04F79EFBC}") = "StronglyTypeHtmlHelper", "StronglyTypeHtmlHelper\StronglyTypeHtmlHelper.csproj", "{C042CB83-D2F2-4AE7-9E8A-B0D794520FA5}"
EndProject
Global
	GlobalSection(SolutionConfigurationPlatforms) = preSolution
		Debug|Any CPU = Debug|Any CPU
		Release|Any CPU = Release|Any CPU
	EndGlobalSection
	GlobalSection(ProjectConfigurationPlatforms) = postSolution
		{C042CB83-D2F2-4AE7-9E8A-B0D794520FA5}.Debug|Any CPU.ActiveCfg = Debug|Any CPU
		{C042CB83-D2F2-4AE7-9E8A-B0D794520FA5}.Debug|Any CPU.Build.0 = Debug|Any CPU
		{C042CB83-D2F2-4AE7-9E8A-B0D794520FA5}.Release|Any CPU.ActiveCfg = Release|Any CPU
		{C042CB83-D2F2-4AE7-9E8A-B0D794520FA5}.Release|Any CPU.Build.0 = Release|Any CPU
	EndGlobalSection
	GlobalSection(SolutionProperties) = preSolution
		HideSolutionNode = FALSE
	EndGlobalSection
	GlobalSection(ExtensibilityGlobals) = postSolution
		SolutionGuid = {B442CDE6-4CE9-4E38-9647-65F9087AC588}
	EndGlobalSection
EndGlobal
