
Microsoft Visual Studio Solution File, Format Version 12.00
# Visual Studio Version 16
VisualStudioVersion = 16.0.32228.343
MinimumVisualStudioVersion = 10.0.40219.1
Project("{FAE04EC0-301F-11D3-BF4B-00C04F79EFBC}") = "MVCAppWithDb", "MVCAppWithDb\MVCAppWithDb.csproj", "{A6CB2424-F285-4A73-9980-E38BFEE86DB3}"
EndProject
Project("{FAE04EC0-301F-11D3-BF4B-00C04F79EFBC}") = "MyApp.Db", "MyApp.Db\MyApp.Db.csproj", "{FA579BDB-D14A-4D47-8847-F5D2825BF875}"
EndProject
Project("{FAE04EC0-301F-11D3-BF4B-00C04F79EFBC}") = "MyApp.Models", "MyApp.Models\MyApp.Models.csproj", "{458E4467-57E8-4A8C-ADDA-703B67423DF0}"
EndProject
Global
	GlobalSection(SolutionConfigurationPlatforms) = preSolution
		Debug|Any CPU = Debug|Any CPU
		Release|Any CPU = Release|Any CPU
	EndGlobalSection
	GlobalSection(ProjectConfigurationPlatforms) = postSolution
		{A6CB2424-F285-4A73-9980-E38BFEE86DB3}.Debug|Any CPU.ActiveCfg = Debug|Any CPU
		{A6CB2424-F285-4A73-9980-E38BFEE86DB3}.Debug|Any CPU.Build.0 = Debug|Any CPU
		{A6CB2424-F285-4A73-9980-E38BFEE86DB3}.Release|Any CPU.ActiveCfg = Release|Any CPU
		{A6CB2424-F285-4A73-9980-E38BFEE86DB3}.Release|Any CPU.Build.0 = Release|Any CPU
		{FA579BDB-D14A-4D47-8847-F5D2825BF875}.Debug|Any CPU.ActiveCfg = Debug|Any CPU
		{FA579BDB-D14A-4D47-8847-F5D2825BF875}.Debug|Any CPU.Build.0 = Debug|Any CPU
		{FA579BDB-D14A-4D47-8847-F5D2825BF875}.Release|Any CPU.ActiveCfg = Release|Any CPU
		{FA579BDB-D14A-4D47-8847-F5D2825BF875}.Release|Any CPU.Build.0 = Release|Any CPU
		{458E4467-57E8-4A8C-ADDA-703B67423DF0}.Debug|Any CPU.ActiveCfg = Debug|Any CPU
		{458E4467-57E8-4A8C-ADDA-703B67423DF0}.Debug|Any CPU.Build.0 = Debug|Any CPU
		{458E4467-57E8-4A8C-ADDA-703B67423DF0}.Release|Any CPU.ActiveCfg = Release|Any CPU
		{458E4467-57E8-4A8C-ADDA-703B67423DF0}.Release|Any CPU.Build.0 = Release|Any CPU
	EndGlobalSection
	GlobalSection(SolutionProperties) = preSolution
		HideSolutionNode = FALSE
	EndGlobalSection
	GlobalSection(ExtensibilityGlobals) = postSolution
		SolutionGuid = {44486632-19CF-4D43-8F74-A1B9A1FFF776}
	EndGlobalSection
EndGlobal
