
Microsoft Visual Studio Solution File, Format Version 12.00
# Visual Studio Version 16
VisualStudioVersion = 16.0.32228.343
MinimumVisualStudioVersion = 10.0.40219.1
Project("{FAE04EC0-301F-11D3-BF4B-00C04F79EFBC}") = "PartyInvites", "PartyInvites\PartyInvites.csproj", "{08C4DCBA-A6BB-41A0-8919-07BEA1BA9E50}"
EndProject
Global
	GlobalSection(SolutionConfigurationPlatforms) = preSolution
		Debug|Any CPU = Debug|Any CPU
		Release|Any CPU = Release|Any CPU
	EndGlobalSection
	GlobalSection(ProjectConfigurationPlatforms) = postSolution
		{08C4DCBA-A6BB-41A0-8919-07BEA1BA9E50}.Debug|Any CPU.ActiveCfg = Debug|Any CPU
		{08C4DCBA-A6BB-41A0-8919-07BEA1BA9E50}.Debug|Any CPU.Build.0 = Debug|Any CPU
		{08C4DCBA-A6BB-41A0-8919-07BEA1BA9E50}.Release|Any CPU.ActiveCfg = Release|Any CPU
		{08C4DCBA-A6BB-41A0-8919-07BEA1BA9E50}.Release|Any CPU.Build.0 = Release|Any CPU
	EndGlobalSection
	GlobalSection(SolutionProperties) = preSolution
		HideSolutionNode = FALSE
	EndGlobalSection
	GlobalSection(ExtensibilityGlobals) = postSolution
		SolutionGuid = {146DE79B-4DD5-43D3-AB8C-F4EC71D9EF3B}
	EndGlobalSection
EndGlobal
