
Microsoft Visual Studio Solution File, Format Version 12.00
# Visual Studio Version 16
VisualStudioVersion = 16.0.32228.343
MinimumVisualStudioVersion = 10.0.40219.1
Project("{FAE04EC0-301F-11D3-BF4B-00C04F79EFBC}") = "ModelsInMVC", "ModelsInMVC\ModelsInMVC.csproj", "{401E8B29-2017-4F29-8219-9DDF800D565E}"
EndProject
Global
	GlobalSection(SolutionConfigurationPlatforms) = preSolution
		Debug|Any CPU = Debug|Any CPU
		Release|Any CPU = Release|Any CPU
	EndGlobalSection
	GlobalSection(ProjectConfigurationPlatforms) = postSolution
		{401E8B29-2017-4F29-8219-9DDF800D565E}.Debug|Any CPU.ActiveCfg = Debug|Any CPU
		{401E8B29-2017-4F29-8219-9DDF800D565E}.Debug|Any CPU.Build.0 = Debug|Any CPU
		{401E8B29-2017-4F29-8219-9DDF800D565E}.Release|Any CPU.ActiveCfg = Release|Any CPU
		{401E8B29-2017-4F29-8219-9DDF800D565E}.Release|Any CPU.Build.0 = Release|Any CPU
	EndGlobalSection
	GlobalSection(SolutionProperties) = preSolution
		HideSolutionNode = FALSE
	EndGlobalSection
	GlobalSection(ExtensibilityGlobals) = postSolution
		SolutionGuid = {FB886861-32AB-4A8C-8C5A-87B50351E0C2}
	EndGlobalSection
EndGlobal
