
Microsoft Visual Studio Solution File, Format Version 12.00
# Visual Studio Version 16
VisualStudioVersion = 16.0.32228.343
MinimumVisualStudioVersion = 10.0.40219.1
Project("{FAE04EC0-301F-11D3-BF4B-00C04F79EFBC}") = "RazorEngine1", "RazorEngine1\RazorEngine1.csproj", "{1469BA2A-1039-4E69-B7E9-02EC0EFCED3D}"
EndProject
Global
	GlobalSection(SolutionConfigurationPlatforms) = preSolution
		Debug|Any CPU = Debug|Any CPU
		Release|Any CPU = Release|Any CPU
	EndGlobalSection
	GlobalSection(ProjectConfigurationPlatforms) = postSolution
		{1469BA2A-1039-4E69-B7E9-02EC0EFCED3D}.Debug|Any CPU.ActiveCfg = Debug|Any CPU
		{1469BA2A-1039-4E69-B7E9-02EC0EFCED3D}.Debug|Any CPU.Build.0 = Debug|Any CPU
		{1469BA2A-1039-4E69-B7E9-02EC0EFCED3D}.Release|Any CPU.ActiveCfg = Release|Any CPU
		{1469BA2A-1039-4E69-B7E9-02EC0EFCED3D}.Release|Any CPU.Build.0 = Release|Any CPU
	EndGlobalSection
	GlobalSection(SolutionProperties) = preSolution
		HideSolutionNode = FALSE
	EndGlobalSection
	GlobalSection(ExtensibilityGlobals) = postSolution
		SolutionGuid = {8E058289-08E7-4DD3-9DC9-201027668F8F}
	EndGlobalSection
EndGlobal
